// !$*UTF8*$!
{
	archiveVersion = 1;
	classes = {
	};
	objectVersion = 46;
	objects = {

/* Begin PBXBuildFile section */
		C3BED9E116C94A510044F88D /* UIKit.framework in Frameworks */ = {isa = PBXBuildFile; fileRef = C3BED9E016C94A510044F88D /* UIKit.framework */; };
		C3BED9E316C94A510044F88D /* Foundation.framework in Frameworks */ = {isa = PBXBuildFile; fileRef = C3BED9E216C94A510044F88D /* Foundation.framework */; };
		C3BED9E516C94A510044F88D /* CoreGraphics.framework in Frameworks */ = {isa = PBXBuildFile; fileRef = C3BED9E416C94A510044F88D /* CoreGraphics.framework */; };
		C3BED9EB16C94A510044F88D /* InfoPlist.strings in Resources */ = {isa = PBXBuildFile; fileRef = C3BED9E916C94A510044F88D /* InfoPlist.strings */; };
		C3BED9ED16C94A510044F88D /* main.m in Sources */ = {isa = PBXBuildFile; fileRef = C3BED9EC16C94A510044F88D /* main.m */; };
		C3BED9F116C94A510044F88D /* AppDelegate.m in Sources */ = {isa = PBXBuildFile; fileRef = C3BED9F016C94A510044F88D /* AppDelegate.m */; };
		C3BED9F316C94A510044F88D /* Default.png in Resources */ = {isa = PBXBuildFile; fileRef = C3BED9F216C94A510044F88D /* Default.png */; };
		C3BED9F516C94A510044F88D /* Default@2x.png in Resources */ = {isa = PBXBuildFile; fileRef = C3BED9F416C94A510044F88D /* Default@2x.png */; };
		C3BED9F716C94A510044F88D /* Default-568h@2x.png in Resources */ = {isa = PBXBuildFile; fileRef = C3BED9F616C94A510044F88D /* Default-568h@2x.png */; };
		C3BED9FA16C94A510044F88D /* MainStoryboard_iPhone.storyboard in Resources */ = {isa = PBXBuildFile; fileRef = C3BED9F816C94A510044F88D /* MainStoryboard_iPhone.storyboard */; };
		C3BED9FD16C94A510044F88D /* MainStoryboard_iPad.storyboard in Resources */ = {isa = PBXBuildFile; fileRef = C3BED9FB16C94A510044F88D /* MainStoryboard_iPad.storyboard */; };
		C3BEDA0016C94A510044F88D /* ViewController.m in Sources */ = {isa = PBXBuildFile; fileRef = C3BED9FF16C94A510044F88D /* ViewController.m */; };
		C3BEDA0816C95DA60044F88D /* SecondViewController.m in Sources */ = {isa = PBXBuildFile; fileRef = C3BEDA0716C95DA60044F88D /* SecondViewController.m */; };
		C3EF1F3616C989D2008D14FE /* FirstViewController.m in Sources */ = {isa = PBXBuildFile; fileRef = C3EF1F3516C989D2008D14FE /* FirstViewController.m */; };
		C3EF1F3A16C98A0C008D14FE /* FollowingViewController.m in Sources */ = {isa = PBXBuildFile; fileRef = C3EF1F3916C98A0C008D14FE /* FollowingViewController.m */; };
		D2B2814B16CC534C0014045D /* TestClass.m in Sources */ = {isa = PBXBuildFile; fileRef = D2B2814A16CC534C0014045D /* TestClass.m */; };
/* End PBXBuildFile section */

/* Begin PBXFileReference section */
		C3BED9DC16C94A510044F88D /* Test_Storyboards.app */ = {isa = PBXFileReference; explicitFileType = wrapper.application; includeInIndex = 0; path = Test_Storyboards.app; sourceTree = BUILT_PRODUCTS_DIR; };
		C3BED9E016C94A510044F88D /* UIKit.framework */ = {isa = PBXFileReference; lastKnownFileType = wrapper.framework; name = UIKit.framework; path = System/Library/Frameworks/UIKit.framework; sourceTree = SDKROOT; };
		C3BED9E216C94A510044F88D /* Foundation.framework */ = {isa = PBXFileReference; lastKnownFileType = wrapper.framework; name = Foundation.framework; path = System/Library/Frameworks/Foundation.framework; sourceTree = SDKROOT; };
		C3BED9E416C94A510044F88D /* CoreGraphics.framework */ = {isa = PBXFileReference; lastKnownFileType = wrapper.framework; name = CoreGraphics.framework; path = System/Library/Frameworks/CoreGraphics.framework; sourceTree = SDKROOT; };
		C3BED9E816C94A510044F88D /* Test_Storyboards-Info.plist */ = {isa = PBXFileReference; lastKnownFileType = text.plist.xml; path = "Test_Storyboards-Info.plist"; sourceTree = "<group>"; };
		C3BED9EA16C94A510044F88D /* en */ = {isa = PBXFileReference; lastKnownFileType = text.plist.strings; name = en; path = en.lproj/InfoPlist.strings; sourceTree = "<group>"; };
		C3BED9EC16C94A510044F88D /* main.m */ = {isa = PBXFileReference; lastKnownFileType = sourcecode.c.objc; path = main.m; sourceTree = "<group>"; };
		C3BED9EE16C94A510044F88D /* Test_Storyboards-Prefix.pch */ = {isa = PBXFileReference; lastKnownFileType = sourcecode.c.h; path = "Test_Storyboards-Prefix.pch"; sourceTree = "<group>"; };
		C3BED9EF16C94A510044F88D /* AppDelegate.h */ = {isa = PBXFileReference; lastKnownFileType = sourcecode.c.h; path = AppDelegate.h; sourceTree = "<group>"; };
		C3BED9F016C94A510044F88D /* AppDelegate.m */ = {isa = PBXFileReference; lastKnownFileType = sourcecode.c.objc; path = AppDelegate.m; sourceTree = "<group>"; };
		C3BED9F216C94A510044F88D /* Default.png */ = {isa = PBXFileReference; lastKnownFileType = image.png; path = Default.png; sourceTree = "<group>"; };
		C3BED9F416C94A510044F88D /* Default@2x.png */ = {isa = PBXFileReference; lastKnownFileType = image.png; path = "Default@2x.png"; sourceTree = "<group>"; };
		C3BED9F616C94A510044F88D /* Default-568h@2x.png */ = {isa = PBXFileReference; lastKnownFileType = image.png; path = "Default-568h@2x.png"; sourceTree = "<group>"; };
		C3BED9F916C94A510044F88D /* en */ = {isa = PBXFileReference; lastKnownFileType = file.storyboard; name = en; path = en.lproj/MainStoryboard_iPhone.storyboard; sourceTree = "<group>"; };
		C3BED9FC16C94A510044F88D /* en */ = {isa = PBXFileReference; lastKnownFileType = file.storyboard; name = en; path = en.lproj/MainStoryboard_iPad.storyboard; sourceTree = "<group>"; };
		C3BED9FE16C94A510044F88D /* ViewController.h */ = {isa = PBXFileReference; lastKnownFileType = sourcecode.c.h; path = ViewController.h; sourceTree = "<group>"; };
		C3BED9FF16C94A510044F88D /* ViewController.m */ = {isa = PBXFileReference; lastKnownFileType = sourcecode.c.objc; path = ViewController.m; sourceTree = "<group>"; };
		C3BEDA0616C95DA60044F88D /* SecondViewController.h */ = {isa = PBXFileReference; fileEncoding = 4; lastKnownFileType = sourcecode.c.h; path = SecondViewController.h; sourceTree = "<group>"; };
		C3BEDA0716C95DA60044F88D /* SecondViewController.m */ = {isa = PBXFileReference; fileEncoding = 4; lastKnownFileType = sourcecode.c.objc; path = SecondViewController.m; sourceTree = "<group>"; };
		C3EF1F3416C989D2008D14FE /* FirstViewController.h */ = {isa = PBXFileReference; fileEncoding = 4; lastKnownFileType = sourcecode.c.h; path = FirstViewController.h; sourceTree = "<group>"; };
		C3EF1F3516C989D2008D14FE /* FirstViewController.m */ = {isa = PBXFileReference; fileEncoding = 4; lastKnownFileType = sourcecode.c.objc; path = FirstViewController.m; sourceTree = "<group>"; };
		C3EF1F3816C98A0C008D14FE /* FollowingViewController.h */ = {isa = PBXFileReference; fileEncoding = 4; lastKnownFileType = sourcecode.c.h; path = FollowingViewController.h; sourceTree = "<group>"; };
		C3EF1F3916C98A0C008D14FE /* FollowingViewController.m */ = {isa = PBXFileReference; fileEncoding = 4; lastKnownFileType = sourcecode.c.objc; path = FollowingViewController.m; sourceTree = "<group>"; };
		D2B2814916CC534C0014045D /* TestClass.h */ = {isa = PBXFileReference; fileEncoding = 4; lastKnownFileType = sourcecode.c.h; path = TestClass.h; sourceTree = "<group>"; };
		D2B2814A16CC534C0014045D /* TestClass.m */ = {isa = PBXFileReference; fileEncoding = 4; lastKnownFileType = sourcecode.c.objc; path = TestClass.m; sourceTree = "<group>"; };
/* End PBXFileReference section */

/* Begin PBXFrameworksBuildPhase section */
		C3BED9D916C94A510044F88D /* Frameworks */ = {
			isa = PBXFrameworksBuildPhase;
			buildActionMask = 2147483647;
			files = (
				C3BED9E116C94A510044F88D /* UIKit.framework in Frameworks */,
				C3BED9E316C94A510044F88D /* Foundation.framework in Frameworks */,
				C3BED9E516C94A510044F88D /* CoreGraphics.framework in Frameworks */,
			);
			runOnlyForDeploymentPostprocessing = 0;
		};
/* End PBXFrameworksBuildPhase section */

/* Begin PBXGroup section */
		C3BED9D116C94A510044F88D = {
			isa = PBXGroup;
			children = (
				C3BED9E616C94A510044F88D /* Test_Storyboards */,
				C3BED9DF16C94A510044F88D /* Frameworks */,
				C3BED9DD16C94A510044F88D /* Products */,
			);
			sourceTree = "<group>";
		};
		C3BED9DD16C94A510044F88D /* Products */ = {
			isa = PBXGroup;
			children = (
				C3BED9DC16C94A510044F88D /* Test_Storyboards.app */,
			);
			name = Products;
			sourceTree = "<group>";
		};
		C3BED9DF16C94A510044F88D /* Frameworks */ = {
			isa = PBXGroup;
			children = (
				C3BED9E016C94A510044F88D /* UIKit.framework */,
				C3BED9E216C94A510044F88D /* Foundation.framework */,
				C3BED9E416C94A510044F88D /* CoreGraphics.framework */,
			);
			name = Frameworks;
			sourceTree = "<group>";
		};
		C3BED9E616C94A510044F88D /* Test_Storyboards */ = {
			isa = PBXGroup;
			children = (
				C3BED9EF16C94A510044F88D /* AppDelegate.h */,
				C3BED9F016C94A510044F88D /* AppDelegate.m */,
				C3BED9F816C94A510044F88D /* MainStoryboard_iPhone.storyboard */,
				D2B2814916CC534C0014045D /* TestClass.h */,
				D2B2814A16CC534C0014045D /* TestClass.m */,
				C3BEDA0616C95DA60044F88D /* SecondViewController.h */,
				C3BEDA0716C95DA60044F88D /* SecondViewController.m */,
				C3BED9FB16C94A510044F88D /* MainStoryboard_iPad.storyboard */,
				C3BED9FE16C94A510044F88D /* ViewController.h */,
				C3BED9FF16C94A510044F88D /* ViewController.m */,
				C3BED9E716C94A510044F88D /* Supporting Files */,
			);
			path = Test_Storyboards;
			sourceTree = "<group>";
		};
		C3BED9E716C94A510044F88D /* Supporting Files */ = {
			isa = PBXGroup;
			children = (
				C3BED9E816C94A510044F88D /* Test_Storyboards-Info.plist */,
				C3BED9E916C94A510044F88D /* InfoPlist.strings */,
				C3BED9EC16C94A510044F88D /* main.m */,
				C3BED9EE16C94A510044F88D /* Test_Storyboards-Prefix.pch */,
				C3BED9F216C94A510044F88D /* Default.png */,
				C3BED9F416C94A510044F88D /* Default@2x.png */,
				C3BED9F616C94A510044F88D /* Default-568h@2x.png */,
				C3EF1F3416C989D2008D14FE /* FirstViewController.h */,
				C3EF1F3516C989D2008D14FE /* FirstViewController.m */,
				C3EF1F3816C98A0C008D14FE /* FollowingViewController.h */,
				C3EF1F3916C98A0C008D14FE /* FollowingViewController.m */,
			);
			name = "Supporting Files";
			sourceTree = "<group>";
		};
/* End PBXGroup section */

/* Begin PBXNativeTarget section */
		C3BED9DB16C94A510044F88D /* Test_Storyboards */ = {
			isa = PBXNativeTarget;
			buildConfigurationList = C3BEDA0316C94A510044F88D /* Build configuration list for PBXNativeTarget "Test_Storyboards" */;
			buildPhases = (
				C3BED9D816C94A510044F88D /* Sources */,
				C3BED9D916C94A510044F88D /* Frameworks */,
				C3BED9DA16C94A510044F88D /* Resources */,
			);
			buildRules = (
			);
			dependencies = (
			);
			name = Test_Storyboards;
			productName = Test_Storyboards;
			productReference = C3BED9DC16C94A510044F88D /* Test_Storyboards.app */;
			productType = "com.apple.product-type.application";
		};
/* End PBXNativeTarget section */

/* Begin PBXProject section */
		C3BED9D316C94A510044F88D /* Project object */ = {
			isa = PBXProject;
			attributes = {
				LastUpgradeCheck = 0450;
				ORGANIZATIONNAME = Administrator;
			};
			buildConfigurationList = C3BED9D616C94A510044F88D /* Build configuration list for PBXProject "Test_Storyboards" */;
			compatibilityVersion = "Xcode 3.2";
			developmentRegion = English;
			hasScannedForEncodings = 0;
			knownRegions = (
				en,
			);
			mainGroup = C3BED9D116C94A510044F88D;
			productRefGroup = C3BED9DD16C94A510044F88D /* Products */;
			projectDirPath = "";
			projectRoot = "";
			targets = (
				C3BED9DB16C94A510044F88D /* Test_Storyboards */,
			);
		};
/* End PBXProject section */

/* Begin PBXResourcesBuildPhase section */
		C3BED9DA16C94A510044F88D /* Resources */ = {
			isa = PBXResourcesBuildPhase;
			buildActionMask = 2147483647;
			files = (
				C3BED9EB16C94A510044F88D /* InfoPlist.strings in Resources */,
				C3BED9F316C94A510044F88D /* Default.png in Resources */,
				C3BED9F516C94A510044F88D /* Default@2x.png in Resources */,
				C3BED9F716C94A510044F88D /* Default-568h@2x.png in Resources */,
				C3BED9FA16C94A510044F88D /* MainStoryboard_iPhone.storyboard in Resources */,
				C3BED9FD16C94A510044F88D /* MainStoryboard_iPad.storyboard in Resources */,
			);
			runOnlyForDeploymentPostprocessing = 0;
		};
/* End PBXResourcesBuildPhase section */

/* Begin PBXSourcesBuildPhase section */
		C3BED9D816C94A510044F88D /* Sources */ = {
			isa = PBXSourcesBuildPhase;
			buildActionMask = 2147483647;
			files = (
				C3BED9ED16C94A510044F88D /* main.m in Sources */,
				C3BED9F116C94A510044F88D /* AppDelegate.m in Sources */,
				C3BEDA0016C94A510044F88D /* ViewController.m in Sources */,
				C3BEDA0816C95DA60044F88D /* SecondViewController.m in Sources */,
				C3EF1F3616C989D2008D14FE /* FirstViewController.m in Sources */,
				C3EF1F3A16C98A0C008D14FE /* FollowingViewController.m in Sources */,
				D2B2814B16CC534C0014045D /* TestClass.m in Sources */,
			);
			runOnlyForDeploymentPostprocessing = 0;
		};
/* End PBXSourcesBuildPhase section */

/* Begin PBXVariantGroup section */
		C3BED9E916C94A510044F88D /* InfoPlist.strings */ = {
			isa = PBXVariantGroup;
			children = (
				C3BED9EA16C94A510044F88D /* en */,
			);
			name = InfoPlist.strings;
			sourceTree = "<group>";
		};
		C3BED9F816C94A510044F88D /* MainStoryboard_iPhone.storyboard */ = {
			isa = PBXVariantGroup;
			children = (
				C3BED9F916C94A510044F88D /* en */,
			);
			name = MainStoryboard_iPhone.storyboard;
			sourceTree = "<group>";
		};
		C3BED9FB16C94A510044F88D /* MainStoryboard_iPad.storyboard */ = {
			isa = PBXVariantGroup;
			children = (
				C3BED9FC16C94A510044F88D /* en */,
			);
			name = MainStoryboard_iPad.storyboard;
			sourceTree = "<group>";
		};
/* End PBXVariantGroup section */

/* Begin XCBuildConfiguration section */
		C3BEDA0116C94A510044F88D /* Debug */ = {
			isa = XCBuildConfiguration;
			buildSettings = {
				ALWAYS_SEARCH_USER_PATHS = NO;
				CLANG_CXX_LANGUAGE_STANDARD = "gnu++0x";
				CLANG_CXX_LIBRARY = "libc++";
				CLANG_ENABLE_OBJC_ARC = YES;
				CLANG_WARN_EMPTY_BODY = YES;
				CLANG_WARN__DUPLICATE_METHOD_MATCH = YES;
				"CODE_SIGN_IDENTITY[sdk=iphoneos*]" = "iPhone Developer";
				COPY_PHASE_STRIP = NO;
				GCC_C_LANGUAGE_STANDARD = gnu99;
				GCC_DYNAMIC_NO_PIC = NO;
				GCC_OPTIMIZATION_LEVEL = 0;
				GCC_PREPROCESSOR_DEFINITIONS = (
					"DEBUG=1",
					"$(inherited)",
				);
				GCC_SYMBOLS_PRIVATE_EXTERN = NO;
				GCC_WARN_ABOUT_RETURN_TYPE = YES;
				GCC_WARN_UNINITIALIZED_AUTOS = YES;
				GCC_WARN_UNUSED_VARIABLE = YES;
				IPHONEOS_DEPLOYMENT_TARGET = 6.0;
				ONLY_ACTIVE_ARCH = YES;
				SDKROOT = iphoneos;
				TARGETED_DEVICE_FAMILY = "1,2";
			};
			name = Debug;
		};
		C3BEDA0216C94A510044F88D /* Release */ = {
			isa = XCBuildConfiguration;
			buildSettings = {
				ALWAYS_SEARCH_USER_PATHS = NO;
				CLANG_CXX_LANGUAGE_STANDARD = "gnu++0x";
				CLANG_CXX_LIBRARY = "libc++";
				CLANG_ENABLE_OBJC_ARC = YES;
				CLANG_WARN_EMPTY_BODY = YES;
				CLANG_WARN__DUPLICATE_METHOD_MATCH = YES;
				"CODE_SIGN_IDENTITY[sdk=iphoneos*]" = "iPhone Developer";
				COPY_PHASE_STRIP = YES;
				GCC_C_LANGUAGE_STANDARD = gnu99;
				GCC_WARN_ABOUT_RETURN_TYPE = YES;
				GCC_WARN_UNINITIALIZED_AUTOS = YES;
				GCC_WARN_UNUSED_VARIABLE = YES;
				IPHONEOS_DEPLOYMENT_TARGET = 6.0;
				OTHER_CFLAGS = "-DNS_BLOCK_ASSERTIONS=1";
				SDKROOT = iphoneos;
				TARGETED_DEVICE_FAMILY = "1,2";
				VALIDATE_PRODUCT = YES;
			};
			name = Release;
		};
		C3BEDA0416C94A510044F88D /* Debug */ = {
			isa = XCBuildConfiguration;
			buildSettings = {
				GCC_PRECOMPILE_PREFIX_HEADER = YES;
				GCC_PREFIX_HEADER = "Test_Storyboards/Test_Storyboards-Prefix.pch";
				INFOPLIST_FILE = "Test_Storyboards/Test_Storyboards-Info.plist";
				PRODUCT_NAME = "$(TARGET_NAME)";
				WRAPPER_EXTENSION = app;
			};
			name = Debug;
		};
		C3BEDA0516C94A510044F88D /* Release */ = {
			isa = XCBuildConfiguration;
			buildSettings = {
				GCC_PRECOMPILE_PREFIX_HEADER = YES;
				GCC_PREFIX_HEADER = "Test_Storyboards/Test_Storyboards-Prefix.pch";
				INFOPLIST_FILE = "Test_Storyboards/Test_Storyboards-Info.plist";
				PRODUCT_NAME = "$(TARGET_NAME)";
				WRAPPER_EXTENSION = app;
			};
			name = Release;
		};
/* End XCBuildConfiguration section */

/* Begin XCConfigurationList section */
		C3BED9D616C94A510044F88D /* Build configuration list for PBXProject "Test_Storyboards" */ = {
			isa = XCConfigurationList;
			buildConfigurations = (
				C3BEDA0116C94A510044F88D /* Debug */,
				C3BEDA0216C94A510044F88D /* Release */,
			);
			defaultConfigurationIsVisible = 0;
			defaultConfigurationName = Release;
		};
		C3BEDA0316C94A510044F88D /* Build configuration list for PBXNativeTarget "Test_Storyboards" */ = {
			isa = XCConfigurationList;
			buildConfigurations = (
				C3BEDA0416C94A510044F88D /* Debug */,
				C3BEDA0516C94A510044F88D /* Release */,
			);
			defaultConfigurationIsVisible = 0;
			defaultConfigurationName = Release;
		};
/* End XCConfigurationList section */
	};
	rootObject = C3BED9D316C94A510044F88D /* Project object */;
}
